
Microsoft Visual Studio Solution File, Format Version 12.00
# Visual Studio Version 17
VisualStudioVersion = 17.4.33122.133
MinimumVisualStudioVersion = 10.0.40219.1
Project("{FAE04EC0-301F-11D3-BF4B-00C04F79EFBC}") = "HeapSort", "HeapSort\HeapSort.csproj", "{202E6D26-9FA2-4279-B32C-E3C5EF87D601}"
EndProject
Global
	GlobalSection(SolutionConfigurationPlatforms) = preSolution
		Debug|Any CPU = Debug|Any CPU
		Release|Any CPU = Release|Any CPU
	EndGlobalSection
	GlobalSection(ProjectConfigurationPlatforms) = postSolution
		{202E6D26-9FA2-4279-B32C-E3C5EF87D601}.Debug|Any CPU.ActiveCfg = Debug|Any CPU
		{202E6D26-9FA2-4279-B32C-E3C5EF87D601}.Debug|Any CPU.Build.0 = Debug|Any CPU
		{202E6D26-9FA2-4279-B32C-E3C5EF87D601}.Release|Any CPU.ActiveCfg = Release|Any CPU
		{202E6D26-9FA2-4279-B32C-E3C5EF87D601}.Release|Any CPU.Build.0 = Release|Any CPU
	EndGlobalSection
	GlobalSection(SolutionProperties) = preSolution
		HideSolutionNode = FALSE
	EndGlobalSection
	GlobalSection(ExtensibilityGlobals) = postSolution
		SolutionGuid = {4D40D47B-F4CE-4411-8C84-F4850F83DA1C}
	EndGlobalSection
EndGlobal
